{
    "_readme": [
        "This file locks the dependencies of your project to a known state",
        "Read more about it at https://getcomposer.org/doc/01-basic-usage.md#installing-dependencies",
        "This file is @generated automatically"
    ],
    "content-hash": "6a36fedb7763e8efb773a4f8301c7b19",
    "packages": [
        {
            "name": "canducci/zipcode",
            "version": "v3.0.5",
            "source": {
                "type": "git",
                "url": "https://github.com/netdragoon/zipcode.git",
                "reference": "dd4e5bd49b010519a802421f0d3d45ea448b6048"
            },
            "dist": {
                "type": "zip",
                "url": "https://api.github.com/repos/netdragoon/zipcode/zipball/dd4e5bd49b010519a802421f0d3d45ea448b6048",
                "reference": "dd4e5bd49b010519a802421f0d3d45ea448b6048",
                "shasum": ""
            },
            "require": {
                "php": ">=7.2.7",
                "php-extended/php-simple-cache-filesystem": "^3.1"
            },
            "require-dev": {
                "phpspec/phpspec": "6.1.1",
                "phpunit/phpunit": "8.5.2"
            },
            "type": "library",
            "extra": {
                "laravel": {
                    "providers": [
                        "Canducci\\ZipCode\\Providers\\ZipCodeServiceProvider",
                        "Canducci\\ZipCode\\Providers\\ZipCodeAddressServiceProvider"
                    ],
                    "aliases": {
                        "ZipCode": "Canducci\\ZipCode\\Facades\\ZipCode",
                        "Address": "Canducci\\ZipCode\\Facades\\ZipCodeAddress"
                    }
                }
            },
            "autoload": {
                "psr-4": {
                    "Canducci\\ZipCode\\": "src/Canducci/ZipCode/"
                },
                "files": [
                    "src/Canducci/ZipCode/ZipCodeHelper.php",
                    "src/Canducci/ZipCode/ZipCodeAddressHelper.php"
                ]
            },
            "notification-url": "https://packagist.org/downloads/",
            "license": [
                "MIT"
            ],
            "authors": [
                {
                    "name": "Fúlvio",
                    "email": "fulviocanducci@hotmail.com",
                    "role": "Developer"
                }
            ],
            "description": "ZipCode From Brazil",
            "homepage": "https://github.com/netdragoon/zipcode",
            "keywords": [
                "cep",
                "cep from brazil",
                "laravel",
                "zip",
                "zipcode"
            ],
            "time": "2020-11-17T16:28:06+00:00"
        },
        {
            "name": "composer/package-versions-deprecated",
            "version": "1.11.99.1",
            "source": {
                "type": "git",
                "url": "https://github.com/composer/package-versions-deprecated.git",
                "reference": "7413f0b55a051e89485c5cb9f765fe24bb02a7b6"
            },
            "dist": {
                "type": "zip",
                "url": "https://api.github.com/repos/composer/package-versions-deprecated/zipball/7413f0b55a051e89485c5cb9f765fe24bb02a7b6",
                "reference": "7413f0b55a051e89485c5cb9f765fe24bb02a7b6",
                "shasum": ""
            },
            "require": {
                "composer-plugin-api": "^1.1.0 || ^2.0",
                "php": "^7 || ^8"
            },
            "replace": {
                "ocramius/package-versions": "1.11.99"
            },
            "require-dev": {
                "composer/composer": "^1.9.3 || ^2.0@dev",
                "ext-zip": "^1.13",
                "phpunit/phpunit": "^6.5 || ^7"
            },
            "type": "composer-plugin",
            "extra": {
                "class": "PackageVersions\\Installer",
                "branch-alias": {
                    "dev-master": "1.x-dev"
                }
            },
            "autoload": {
                "psr-4": {
                    "PackageVersions\\": "src/PackageVersions"
                }
            },
            "notification-url": "https://packagist.org/downloads/",
            "license": [
                "MIT"
            ],
            "authors": [
                {
                    "name": "Marco Pivetta",
                    "email": "ocramius@gmail.com"
                },
                {
                    "name": "Jordi Boggiano",
                    "email": "j.boggiano@seld.be"
                }
            ],
            "description": "Composer plugin that provides efficient querying for installed package versions (no runtime IO)",
            "funding": [
                {
                    "url": "https://packagist.com",
                    "type": "custom"
                },
                {
                    "url": "https://github.com/composer",
                    "type": "github"
                },
                {
                    "url": "https://tidelift.com/funding/github/packagist/composer/composer",
                    "type": "tidelift"
                }
            ],
            "time": "2020-11-11T10:22:58+00:00"
        },
        {
            "name": "jean85/pretty-package-versions",
            "version": "1.5.1",
            "source": {
                "type": "git",
                "url": "https://github.com/Jean85/pretty-package-versions.git",
                "reference": "a917488320c20057da87f67d0d40543dd9427f7a"
            },
            "dist": {
                "type": "zip",
                "url": "https://api.github.com/repos/Jean85/pretty-package-versions/zipball/a917488320c20057da87f67d0d40543dd9427f7a",
                "reference": "a917488320c20057da87f67d0d40543dd9427f7a",
                "shasum": ""
            },
            "require": {
                "composer/package-versions-deprecated": "^1.8.0",
                "php": "^7.0|^8.0"
            },
            "require-dev": {
                "phpunit/phpunit": "^6.0|^8.5|^9.2"
            },
            "type": "library",
            "extra": {
                "branch-alias": {
                    "dev-master": "1.x-dev"
                }
            },
            "autoload": {
                "psr-4": {
                    "Jean85\\": "src/"
                }
            },
            "notification-url": "https://packagist.org/downloads/",
            "license": [
                "MIT"
            ],
            "authors": [
                {
                    "name": "Alessandro Lai",
                    "email": "alessandro.lai85@gmail.com"
                }
            ],
            "description": "A wrapper for ocramius/package-versions to get pretty versions strings",
            "keywords": [
                "composer",
                "package",
                "release",
                "versions"
            ],
            "time": "2020-09-14T08:43:34+00:00"
        },
        {
            "name": "mongodb/mongodb",
            "version": "1.8.0",
            "source": {
                "type": "git",
                "url": "https://github.com/mongodb/mongo-php-library.git",
                "reference": "953dbc19443aa9314c44b7217a16873347e6840d"
            },
            "dist": {
                "type": "zip",
                "url": "https://api.github.com/repos/mongodb/mongo-php-library/zipball/953dbc19443aa9314c44b7217a16873347e6840d",
                "reference": "953dbc19443aa9314c44b7217a16873347e6840d",
                "shasum": ""
            },
            "require": {
                "ext-hash": "*",
                "ext-json": "*",
                "ext-mongodb": "^1.8.1",
                "jean85/pretty-package-versions": "^1.2",
                "php": "^7.0 || ^8.0",
                "symfony/polyfill-php80": "^1.19"
            },
            "require-dev": {
                "squizlabs/php_codesniffer": "^3.5, <3.5.5",
                "symfony/phpunit-bridge": "5.x-dev"
            },
            "type": "library",
            "extra": {
                "branch-alias": {
                    "dev-master": "1.8.x-dev"
                }
            },
            "autoload": {
                "psr-4": {
                    "MongoDB\\": "src/"
                },
                "files": [
                    "src/functions.php"
                ]
            },
            "notification-url": "https://packagist.org/downloads/",
            "license": [
                "Apache-2.0"
            ],
            "authors": [
                {
                    "name": "Andreas Braun",
                    "email": "andreas.braun@mongodb.com"
                },
                {
                    "name": "Jeremy Mikola",
                    "email": "jmikola@gmail.com"
                }
            ],
            "description": "MongoDB driver library",
            "homepage": "https://jira.mongodb.org/browse/PHPLIB",
            "keywords": [
                "database",
                "driver",
                "mongodb",
                "persistence"
            ],
            "time": "2020-11-25T12:26:02+00:00"
        },
        {
            "name": "php-extended/php-simple-cache-filesystem",
            "version": "3.1.2",
            "source": {
                "type": "git",
                "url": "https://gitlab.com/php-extended/php-simple-cache-filesystem.git",
                "reference": "8c0f06e8edfbeb615871bfdd3da140d15ca18e83"
            },
            "dist": {
                "type": "zip",
                "url": "https://gitlab.com/api/v4/projects/php-extended%2Fphp-simple-cache-filesystem/repository/archive.zip?sha=8c0f06e8edfbeb615871bfdd3da140d15ca18e83",
                "reference": "8c0f06e8edfbeb615871bfdd3da140d15ca18e83",
                "shasum": ""
            },
            "require": {
                "php": ">=7.1",
                "php-extended/polyfill-php80-stringable": "^1",
                "psr/simple-cache": "^1"
            },
            "provide": {
                "psr/simple-cache-implementation": "^1"
            },
            "require-dev": {
                "phpunit/phpunit": "^7 || ^8"
            },
            "type": "library",
            "autoload": {
                "psr-4": {
                    "PhpExtended\\SimpleCache\\": "src"
                }
            },
            "notification-url": "https://packagist.org/downloads/",
            "license": [
                "MIT"
            ],
            "authors": [
                {
                    "name": "Anastaszor",
                    "homepage": "https://gitlab.com/Anastaszor",
                    "role": "developer"
                }
            ],
            "description": "A psr-16 compliant cache that uses filesystems to store cache data.",
            "homepage": "https://gitlab.com/php-extended/php-simple-cache-filesystem",
            "keywords": [
                "Simple",
                "cache",
                "filesystem",
                "php",
                "psr-16"
            ],
            "time": "2020-11-01T17:38:57+00:00"
        },
        {
            "name": "php-extended/polyfill-php80-stringable",
            "version": "1.0.7",
            "source": {
                "type": "git",
                "url": "https://gitlab.com/php-extended/polyfill-php80-stringable.git",
                "reference": "b330724f00f191329b163831b1febcac1a05992a"
            },
            "dist": {
                "type": "zip",
                "url": "https://gitlab.com/api/v4/projects/php-extended%2Fpolyfill-php80-stringable/repository/archive.zip?sha=b330724f00f191329b163831b1febcac1a05992a",
                "reference": "b330724f00f191329b163831b1febcac1a05992a",
                "shasum": ""
            },
            "require": {
                "php": ">=7.0"
            },
            "type": "library",
            "autoload": {
                "classmap": [
                    "src/"
                ]
            },
            "notification-url": "https://packagist.org/downloads/",
            "license": [
                "MIT"
            ],
            "authors": [
                {
                    "name": "Anastaszor",
                    "homepage": "https://gitlab.com/Anastaszor",
                    "role": "developer"
                }
            ],
            "description": "A polyfill that adds the stringable interface added in php8.0 to previous versions of php",
            "homepage": "https://gitlab.com/php-extended/polyfill-php80-stringable",
            "keywords": [
                "php",
                "php8",
                "polyfill",
                "stringable"
            ],
            "time": "2020-11-02T19:55:57+00:00"
        },
        {
            "name": "psr/simple-cache",
            "version": "1.0.1",
            "source": {
                "type": "git",
                "url": "https://github.com/php-fig/simple-cache.git",
                "reference": "408d5eafb83c57f6365a3ca330ff23aa4a5fa39b"
            },
            "dist": {
                "type": "zip",
                "url": "https://api.github.com/repos/php-fig/simple-cache/zipball/408d5eafb83c57f6365a3ca330ff23aa4a5fa39b",
                "reference": "408d5eafb83c57f6365a3ca330ff23aa4a5fa39b",
                "shasum": ""
            },
            "require": {
                "php": ">=5.3.0"
            },
            "type": "library",
            "extra": {
                "branch-alias": {
                    "dev-master": "1.0.x-dev"
                }
            },
            "autoload": {
                "psr-4": {
                    "Psr\\SimpleCache\\": "src/"
                }
            },
            "notification-url": "https://packagist.org/downloads/",
            "license": [
                "MIT"
            ],
            "authors": [
                {
                    "name": "PHP-FIG",
                    "homepage": "http://www.php-fig.org/"
                }
            ],
            "description": "Common interfaces for simple caching",
            "keywords": [
                "cache",
                "caching",
                "psr",
                "psr-16",
                "simple-cache"
            ],
            "time": "2017-10-23T01:57:42+00:00"
        },
        {
            "name": "symfony/polyfill-php80",
            "version": "v1.20.0",
            "source": {
                "type": "git",
                "url": "https://github.com/symfony/polyfill-php80.git",
                "reference": "e70aa8b064c5b72d3df2abd5ab1e90464ad009de"
            },
            "dist": {
                "type": "zip",
                "url": "https://api.github.com/repos/symfony/polyfill-php80/zipball/e70aa8b064c5b72d3df2abd5ab1e90464ad009de",
                "reference": "e70aa8b064c5b72d3df2abd5ab1e90464ad009de",
                "shasum": ""
            },
            "require": {
                "php": ">=7.1"
            },
            "type": "library",
            "extra": {
                "branch-alias": {
                    "dev-main": "1.20-dev"
                },
                "thanks": {
                    "name": "symfony/polyfill",
                    "url": "https://github.com/symfony/polyfill"
                }
            },
            "autoload": {
                "psr-4": {
                    "Symfony\\Polyfill\\Php80\\": ""
                },
                "files": [
                    "bootstrap.php"
                ],
                "classmap": [
                    "Resources/stubs"
                ]
            },
            "notification-url": "https://packagist.org/downloads/",
            "license": [
                "MIT"
            ],
            "authors": [
                {
                    "name": "Ion Bazan",
                    "email": "ion.bazan@gmail.com"
                },
                {
                    "name": "Nicolas Grekas",
                    "email": "p@tchwork.com"
                },
                {
                    "name": "Symfony Community",
                    "homepage": "https://symfony.com/contributors"
                }
            ],
            "description": "Symfony polyfill backporting some PHP 8.0+ features to lower PHP versions",
            "homepage": "https://symfony.com",
            "keywords": [
                "compatibility",
                "polyfill",
                "portable",
                "shim"
            ],
            "funding": [
                {
                    "url": "https://symfony.com/sponsor",
                    "type": "custom"
                },
                {
                    "url": "https://github.com/fabpot",
                    "type": "github"
                },
                {
                    "url": "https://tidelift.com/funding/github/packagist/symfony/symfony",
                    "type": "tidelift"
                }
            ],
            "time": "2020-10-23T14:02:19+00:00"
        }
    ],
    "packages-dev": [],
    "aliases": [],
    "minimum-stability": "stable",
    "stability-flags": [],
    "prefer-stable": false,
    "prefer-lowest": false,
    "platform": [],
    "platform-dev": [],
    "plugin-api-version": "1.1.0"
}
